{
  "requires": true,
  "lockfileVersion": 1,
  "dependencies": {
    "@babel/runtime": {
      "version": "7.15.4",
      "resolved": "https://registry.npmjs.org/@babel/runtime/-/runtime-7.15.4.tgz",
      "integrity": "sha512-99catp6bHCaxr4sJ/DbTGgHS4+Rs2RVd2g7iOap6SLGPDknRK9ztKNsE/Fg6QhSeh1FGE5f6gHGQmvvn3I3xhw==",
      "requires": {
        "regenerator-runtime": "^0.13.4"
      }
    },
    "@emotion/is-prop-valid": {
      "version": "0.7.3",
      "resolved": "https://registry.npmjs.org/@emotion/is-prop-valid/-/is-prop-valid-0.7.3.tgz",
      "integrity": "sha512-uxJqm/sqwXw3YPA5GXX365OBcJGFtxUVkB6WyezqFHlNe9jqUWH5ur2O2M8dGBz61kn1g3ZBlzUunFQXQIClhA==",
      "requires": {
        "@emotion/memoize": "0.7.1"
      }
    },
    "@emotion/memoize": {
      "version": "0.7.1",
      "resolved": "https://registry.npmjs.org/@emotion/memoize/-/memoize-0.7.1.tgz",
      "integrity": "sha512-Qv4LTqO11jepd5Qmlp3M1YEjBumoTHcHFdgPTQ+sFlIL5myi/7xu/POwP7IRu6odBdmLXdtIs1D6TuW6kbwbbg=="
    },
    "clsx": {
      "version": "1.1.1",
      "resolved": "https://registry.npmjs.org/clsx/-/clsx-1.1.1.tgz",
      "integrity": "sha512-6/bPho624p3S2pMyvP5kKBPXnI3ufHLObBFCfgx+LkeR5lg2XYy2hqZqUf45ypD8COn2bhgGJSUE+l5dhNBieA=="
    },
    "color": {
      "version": "3.2.1",
      "resolved": "https://registry.npmjs.org/color/-/color-3.2.1.tgz",
      "integrity": "sha512-aBl7dZI9ENN6fUGC7mWpMTPNHmWUSNan9tuWN6ahh5ZLNk9baLJOnSMlrQkHcrfFgz2/RigjUVAjdx36VcemKA==",
      "requires": {
        "color-convert": "^1.9.3",
        "color-string": "^1.6.0"
      }
    },
    "color-convert": {
      "version": "1.9.3",
      "resolved": "https://registry.npmjs.org/color-convert/-/color-convert-1.9.3.tgz",
      "integrity": "sha512-QfAUtd+vFdAtFQcC8CCyYt1fYWxSqAiK2cSD6zDB8N3cpsEBAvRxp9zOGg6G/SHHJYAT88/az/IuDGALsNVbGg==",
      "requires": {
        "color-name": "1.1.3"
      }
    },
    "color-name": {
      "version": "1.1.3",
      "resolved": "https://registry.npmjs.org/color-name/-/color-name-1.1.3.tgz",
      "integrity": "sha1-p9BVi9icQveV3UIyj3QIMcpTvCU="
    },
    "color-string": {
      "version": "1.6.0",
      "resolved": "https://registry.npmjs.org/color-string/-/color-string-1.6.0.tgz",
      "integrity": "sha512-c/hGS+kRWJutUBEngKKmk4iH3sD59MBkoxVapS/0wgpCz2u7XsNloxknyvBhzwEs1IbV36D9PwqLPJ2DTu3vMA==",
      "requires": {
        "color-name": "^1.0.0",
        "simple-swizzle": "^0.2.2"
      }
    },
    "css-jss": {
      "version": "10.8.0",
      "resolved": "https://registry.npmjs.org/css-jss/-/css-jss-10.8.0.tgz",
      "integrity": "sha512-dN07hu76gOSXcJFaFILa+UMA0MH4nW0+hZXZ46oxsd6aJXHkC5pl6Hq5Zs6o6/pHEs8fZI4rbhs4N3uh3Z9tQQ==",
      "requires": {
        "@babel/runtime": "^7.3.1",
        "jss": "10.8.0",
        "jss-preset-default": "10.8.0"
      }
    },
    "css-vendor": {
      "version": "2.0.8",
      "resolved": "https://registry.npmjs.org/css-vendor/-/css-vendor-2.0.8.tgz",
      "integrity": "sha512-x9Aq0XTInxrkuFeHKbYC7zWY8ai7qJ04Kxd9MnvbC1uO5DagxoHQjm4JvG+vCdXOoFtCjbL2XSZfxmoYa9uQVQ==",
      "requires": {
        "@babel/runtime": "^7.8.3",
        "is-in-browser": "^1.0.2"
      }
    },
    "csstype": {
      "version": "3.0.9",
      "resolved": "https://registry.npmjs.org/csstype/-/csstype-3.0.9.tgz",
      "integrity": "sha512-rpw6JPxK6Rfg1zLOYCSwle2GFOOsnjmDYDaBwEcwoOg4qlsIVCN789VkBZDJAGi4T07gI4YSutR43t9Zz4Lzuw=="
    },
    "hoist-non-react-statics": {
      "version": "3.3.2",
      "resolved": "https://registry.npmjs.org/hoist-non-react-statics/-/hoist-non-react-statics-3.3.2.tgz",
      "integrity": "sha512-/gGivxi8JPKWNm/W0jSmzcMPpfpPLc3dY/6GxhX2hQ9iGj3aDfklV4ET7NjKpSinLpJ5vafa9iiGIEZg10SfBw==",
      "requires": {
        "react-is": "^16.7.0"
      }
    },
    "hyphenate-style-name": {
      "version": "1.0.4",
      "resolved": "https://registry.npmjs.org/hyphenate-style-name/-/hyphenate-style-name-1.0.4.tgz",
      "integrity": "sha512-ygGZLjmXfPHj+ZWh6LwbC37l43MhfztxetbFCoYTM2VjkIUpeHgSNn7QIyVFj7YQ1Wl9Cbw5sholVJPzWvC2MQ=="
    },
    "is-arrayish": {
      "version": "0.3.2",
      "resolved": "https://registry.npmjs.org/is-arrayish/-/is-arrayish-0.3.2.tgz",
      "integrity": "sha512-eVRqCvVlZbuw3GrM63ovNSNAeA1K16kaR/LRY/92w0zxQ5/1YzwblUX652i4Xs9RwAGjW9d9y6X88t8OaAJfWQ=="
    },
    "is-in-browser": {
      "version": "1.1.3",
      "resolved": "https://registry.npmjs.org/is-in-browser/-/is-in-browser-1.1.3.tgz",
      "integrity": "sha1-Vv9NtoOgeMYILrldrX3GLh0E+DU="
    },
    "js-tokens": {
      "version": "4.0.0",
      "resolved": "https://registry.npmjs.org/js-tokens/-/js-tokens-4.0.0.tgz",
      "integrity": "sha512-RdJUflcE3cUzKiMqQgsCu06FPu9UdIJO0beYbPhHN4k6apgJtifcoCtT9bcxOpYBtpD2kCM6Sbzg4CausW/PKQ=="
    },
    "jss": {
      "version": "10.8.0",
      "resolved": "https://registry.npmjs.org/jss/-/jss-10.8.0.tgz",
      "integrity": "sha512-6fAMLJrVQ8epM5ghghxWqCwRR0ZamP2cKbOAtzPudcCMSNdAqtvmzQvljUZYR8OXJIeb/IpZeOXA1sDXms4R1w==",
      "requires": {
        "@babel/runtime": "^7.3.1",
        "csstype": "^3.0.2",
        "is-in-browser": "^1.1.3",
        "tiny-warning": "^1.0.2"
      }
    },
    "jss-plugin-camel-case": {
      "version": "10.8.0",
      "resolved": "https://registry.npmjs.org/jss-plugin-camel-case/-/jss-plugin-camel-case-10.8.0.tgz",
      "integrity": "sha512-yxlXrXwcCdGw+H4BC187dEu/RFyW8joMcWfj8Rk9UPgWTKu2Xh7Sib4iW3xXjHe/t5phOHF1rBsHleHykWix7g==",
      "requires": {
        "@babel/runtime": "^7.3.1",
        "hyphenate-style-name": "^1.0.3",
        "jss": "10.8.0"
      }
    },
    "jss-plugin-compose": {
      "version": "10.8.0",
      "resolved": "https://registry.npmjs.org/jss-plugin-compose/-/jss-plugin-compose-10.8.0.tgz",
      "integrity": "sha512-rTUkBtrXhIiqXZ+U+36HTdnL6B2464gPAqiggKKbgoSkt3w922htwFO9ejwHCmZg5zcH1BSAbDpR24dtGvKd/g==",
      "requires": {
        "@babel/runtime": "^7.3.1",
        "jss": "10.8.0",
        "tiny-warning": "^1.0.2"
      }
    },
    "jss-plugin-default-unit": {
      "version": "10.8.0",
      "resolved": "https://registry.npmjs.org/jss-plugin-default-unit/-/jss-plugin-default-unit-10.8.0.tgz",
      "integrity": "sha512-9XJV546cY9zV9OvIE/v/dOaxSi4062VfYQQfwbplRExcsU2a79Yn+qDz/4ciw6P4LV1Naq90U+OffAGRHfNq/Q==",
      "requires": {
        "@babel/runtime": "^7.3.1",
        "jss": "10.8.0"
      }
    },
    "jss-plugin-expand": {
      "version": "10.8.0",
      "resolved": "https://registry.npmjs.org/jss-plugin-expand/-/jss-plugin-expand-10.8.0.tgz",
      "integrity": "sha512-ax5IEmcpkGFzyFpUIsDrEbxAd2w9M2GezP4uHcOdBNAmUTGBNFQ8VHjz6N9W1815RM4W9ChuLDjnPz1weDn4vQ==",
      "requires": {
        "@babel/runtime": "^7.3.1",
        "jss": "10.8.0"
      }
    },
    "jss-plugin-extend": {
      "version": "10.8.0",
      "resolved": "https://registry.npmjs.org/jss-plugin-extend/-/jss-plugin-extend-10.8.0.tgz",
      "integrity": "sha512-P5GyV9LaLJ/lcodznDnMfTNgvLPL6RQg2Y6gdvkWrSb8xZmMWOKOoYe30THFkkNHGG43dE4OPZaVVDca6heyPw==",
      "requires": {
        "@babel/runtime": "^7.3.1",
        "jss": "10.8.0",
        "tiny-warning": "^1.0.2"
      }
    },
    "jss-plugin-global": {
      "version": "10.8.0",
      "resolved": "https://registry.npmjs.org/jss-plugin-global/-/jss-plugin-global-10.8.0.tgz",
      "integrity": "sha512-H/8h/bHd4e7P0MpZ9zaUG8NQSB2ie9rWo/vcCP6bHVerbKLGzj+dsY22IY3+/FNRS8zDmUyqdZx3rD8k4nmH4w==",
      "requires": {
        "@babel/runtime": "^7.3.1",
        "jss": "10.8.0"
      }
    },
    "jss-plugin-nested": {
      "version": "10.8.0",
      "resolved": "https://registry.npmjs.org/jss-plugin-nested/-/jss-plugin-nested-10.8.0.tgz",
      "integrity": "sha512-MhmINZkSxyFILcFBuDoZmP1+wj9fik/b9SsjoaggkGjdvMQCES21mj4K5ZnRGVm448gIXyi9j/eZjtDzhaHUYQ==",
      "requires": {
        "@babel/runtime": "^7.3.1",
        "jss": "10.8.0",
        "tiny-warning": "^1.0.2"
      }
    },
    "jss-plugin-props-sort": {
      "version": "10.8.0",
      "resolved": "https://registry.npmjs.org/jss-plugin-props-sort/-/jss-plugin-props-sort-10.8.0.tgz",
      "integrity": "sha512-VY+Wt5WX5GMsXDmd+Ts8+O16fpiCM81svbox++U3LDbJSM/g9FoMx3HPhwUiDfmgHL9jWdqEuvSl/JAk+mh6mQ==",
      "requires": {
        "@babel/runtime": "^7.3.1",
        "jss": "10.8.0"
      }
    },
    "jss-plugin-rule-value-function": {
      "version": "10.8.0",
      "resolved": "https://registry.npmjs.org/jss-plugin-rule-value-function/-/jss-plugin-rule-value-function-10.8.0.tgz",
      "integrity": "sha512-R8N8Ma6Oye1F9HroiUuHhVjpPsVq97uAh+rMI6XwKLqirIu2KFb5x33hPj+vNBMxSHc9jakhf5wG0BbQ7fSDOg==",
      "requires": {
        "@babel/runtime": "^7.3.1",
        "jss": "10.8.0",
        "tiny-warning": "^1.0.2"
      }
    },
    "jss-plugin-rule-value-observable": {
      "version": "10.8.0",
      "resolved": "https://registry.npmjs.org/jss-plugin-rule-value-observable/-/jss-plugin-rule-value-observable-10.8.0.tgz",
      "integrity": "sha512-hd3O7dsiWBUfThZTJGtwGqFx2nFLp7lhuAekZ9lw6eDyLGG4+LlcTEUSL6cqcA9bHEgonz8wRI91cQiIk7C2/g==",
      "requires": {
        "@babel/runtime": "^7.3.1",
        "jss": "10.8.0",
        "symbol-observable": "^1.2.0"
      }
    },
    "jss-plugin-template": {
      "version": "10.8.0",
      "resolved": "https://registry.npmjs.org/jss-plugin-template/-/jss-plugin-template-10.8.0.tgz",
      "integrity": "sha512-YpyJ1fNoCltl/oaxYRpkFHu8oycDoZCVNVaNR05W6qU1ZKUk6CGr0VHuoWJrncvPDoclhCqEmh8Dzy3twHtWIQ==",
      "requires": {
        "@babel/runtime": "^7.3.1",
        "jss": "10.8.0",
        "tiny-warning": "^1.0.2"
      }
    },
    "jss-plugin-vendor-prefixer": {
      "version": "10.8.0",
      "resolved": "https://registry.npmjs.org/jss-plugin-vendor-prefixer/-/jss-plugin-vendor-prefixer-10.8.0.tgz",
      "integrity": "sha512-G1zD0J8dFwKZQ+GaZaay7A/Tg7lhDw0iEkJ/iFFA5UPuvZFpMprCMQttXcTBhLlhhWnyZ8YPn4yqp+amrhQekw==",
      "requires": {
        "@babel/runtime": "^7.3.1",
        "css-vendor": "^2.0.8",
        "jss": "10.8.0"
      }
    },
    "jss-preset-default": {
      "version": "10.8.0",
      "resolved": "https://registry.npmjs.org/jss-preset-default/-/jss-preset-default-10.8.0.tgz",
      "integrity": "sha512-GgB/sgosf8O6v1H9wZ2sXuC142lU+rvGtRZSuyW3W4lfn9Q9hxq6mNGd6hGmYHDHPM2FbbFxOo50E0U8R4xKCw==",
      "requires": {
        "@babel/runtime": "^7.3.1",
        "jss": "10.8.0",
        "jss-plugin-camel-case": "10.8.0",
        "jss-plugin-compose": "10.8.0",
        "jss-plugin-default-unit": "10.8.0",
        "jss-plugin-expand": "10.8.0",
        "jss-plugin-extend": "10.8.0",
        "jss-plugin-global": "10.8.0",
        "jss-plugin-nested": "10.8.0",
        "jss-plugin-props-sort": "10.8.0",
        "jss-plugin-rule-value-function": "10.8.0",
        "jss-plugin-rule-value-observable": "10.8.0",
        "jss-plugin-template": "10.8.0",
        "jss-plugin-vendor-prefixer": "10.8.0"
      }
    },
    "loose-envify": {
      "version": "1.4.0",
      "resolved": "https://registry.npmjs.org/loose-envify/-/loose-envify-1.4.0.tgz",
      "integrity": "sha512-lyuxPGr/Wfhrlem2CL/UcnUc1zcqKAImBDzukY7Y5F/yQiNdko6+fRLevlw1HgMySw7f611UIY408EtxRSoK3Q==",
      "requires": {
        "js-tokens": "^3.0.0 || ^4.0.0"
      }
    },
    "object-assign": {
      "version": "4.1.1",
      "resolved": "https://registry.npmjs.org/object-assign/-/object-assign-4.1.1.tgz",
      "integrity": "sha1-IQmtx5ZYh8/AXLvUQsrIv7s2CGM="
    },
    "prop-types": {
      "version": "15.7.2",
      "resolved": "https://registry.npmjs.org/prop-types/-/prop-types-15.7.2.tgz",
      "integrity": "sha512-8QQikdH7//R2vurIJSutZ1smHYTcLpRWEOlHnzcWHmBYrOGUysKwSsrC89BCiFj3CbrfJ/nXFdJepOVrY1GCHQ==",
      "requires": {
        "loose-envify": "^1.4.0",
        "object-assign": "^4.1.1",
        "react-is": "^16.8.1"
      }
    },
    "react-display-name": {
      "version": "0.2.5",
      "resolved": "https://registry.npmjs.org/react-display-name/-/react-display-name-0.2.5.tgz",
      "integrity": "sha512-I+vcaK9t4+kypiSgaiVWAipqHRXYmZIuAiS8vzFvXHHXVigg/sMKwlRgLy6LH2i3rmP+0Vzfl5lFsFRwF1r3pg=="
    },
    "react-form-stepper": {
      "version": "1.4.3",
      "resolved": "https://registry.npmjs.org/react-form-stepper/-/react-form-stepper-1.4.3.tgz",
      "integrity": "sha512-CwEw1jUW2dVes1zaFYAOu3JcmF+2HVrD7vVPSMpjkwt+oKlTnnpUgdt+2kwO2nacri6QqD49aBlY9aXhmh3r6w==",
      "requires": {
        "clsx": "^1.1.1",
        "color": "^3.2.1",
        "react-jss": "^10.6.0"
      }
    },
    "react-is": {
      "version": "16.13.1",
      "resolved": "https://registry.npmjs.org/react-is/-/react-is-16.13.1.tgz",
      "integrity": "sha512-24e6ynE2H+OKt4kqsOvNd8kBpV65zoxbA4BVsEOB3ARVWQki/DHzaUoC5KuON/BiccDaCCTZBuOcfZs70kR8bQ=="
    },
    "react-jss": {
      "version": "10.8.0",
      "resolved": "https://registry.npmjs.org/react-jss/-/react-jss-10.8.0.tgz",
      "integrity": "sha512-9VsYFl4/wK66d4v/rsKrDm7Gd5FMNe71DAioMZZrOaUTfcCuBbWLUHpmkDCJ50+5Fn5LzJUpK2dEDzQFRDTXeQ==",
      "requires": {
        "@babel/runtime": "^7.3.1",
        "@emotion/is-prop-valid": "^0.7.3",
        "css-jss": "10.8.0",
        "hoist-non-react-statics": "^3.2.0",
        "is-in-browser": "^1.1.3",
        "jss": "10.8.0",
        "jss-preset-default": "10.8.0",
        "prop-types": "^15.6.0",
        "shallow-equal": "^1.2.0",
        "theming": "^3.3.0",
        "tiny-warning": "^1.0.2"
      }
    },
    "react-native-swiper": {
      "version": "1.6.0",
      "resolved": "https://registry.npmjs.org/react-native-swiper/-/react-native-swiper-1.6.0.tgz",
      "integrity": "sha512-OnkTTZi+9uZUgy0uz1I9oYDhCU3z36lZn+LFsk9FXPRelxb/KeABzvPs3r3SrHWy1aA67KGtSFj0xNK2QD0NJQ==",
      "requires": {
        "prop-types": "^15.5.10"
      }
    },
    "regenerator-runtime": {
      "version": "0.13.9",
      "resolved": "https://registry.npmjs.org/regenerator-runtime/-/regenerator-runtime-0.13.9.tgz",
      "integrity": "sha512-p3VT+cOEgxFsRRA9X4lkI1E+k2/CtnKtU4gcxyaCUreilL/vqI6CdZ3wxVUx3UOUg+gnUOQQcRI7BmSI656MYA=="
    },
    "shallow-equal": {
      "version": "1.2.1",
      "resolved": "https://registry.npmjs.org/shallow-equal/-/shallow-equal-1.2.1.tgz",
      "integrity": "sha512-S4vJDjHHMBaiZuT9NPb616CSmLf618jawtv3sufLl6ivK8WocjAo58cXwbRV1cgqxH0Qbv+iUt6m05eqEa2IRA=="
    },
    "simple-swizzle": {
      "version": "0.2.2",
      "resolved": "https://registry.npmjs.org/simple-swizzle/-/simple-swizzle-0.2.2.tgz",
      "integrity": "sha1-pNprY1/8zMoz9w0Xy5JZLeleVXo=",
      "requires": {
        "is-arrayish": "^0.3.1"
      }
    },
    "symbol-observable": {
      "version": "1.2.0",
      "resolved": "https://registry.npmjs.org/symbol-observable/-/symbol-observable-1.2.0.tgz",
      "integrity": "sha512-e900nM8RRtGhlV36KGEU9k65K3mPb1WV70OdjfxlG2EAuM1noi/E/BaW/uMhL7bPEssK8QV57vN3esixjUvcXQ=="
    },
    "theming": {
      "version": "3.3.0",
      "resolved": "https://registry.npmjs.org/theming/-/theming-3.3.0.tgz",
      "integrity": "sha512-u6l4qTJRDaWZsqa8JugaNt7Xd8PPl9+gonZaIe28vAhqgHMIG/DOyFPqiKN/gQLQYj05tHv+YQdNILL4zoiAVA==",
      "requires": {
        "hoist-non-react-statics": "^3.3.0",
        "prop-types": "^15.5.8",
        "react-display-name": "^0.2.4",
        "tiny-warning": "^1.0.2"
      }
    },
    "tiny-warning": {
      "version": "1.0.3",
      "resolved": "https://registry.npmjs.org/tiny-warning/-/tiny-warning-1.0.3.tgz",
      "integrity": "sha512-lBN9zLN/oAf68o3zNXYrdCt1kP8WsiGW8Oo2ka41b2IM5JL/S1CTyX1rW0mb/zSuJun0ZUrDxx4sqvYS2FWzPA=="
    }
  }
}
